// !$*UTF8*$!
{
	archiveVersion = 1;
	classes = {
	};
	objectVersion = 56;
	objects = {

/* Begin PBXBuildFile section */
		1A2000000000000000000201 /* Assets.xcassets in Resources */ = {isa = PBXBuildFile; fileRef = 1A1000000000000000000201 /* Assets.xcassets */; };
		58776BF62FB7341A004E2139 /* ClaudeCookieStore.swift in Sources */ = {isa = PBXBuildFile; fileRef = 58776BF52FB7341A004E2139 /* ClaudeCookieStore.swift */; };
		58EB34852FB6FC1F004A9A6E /* ConsoleLog.swift in Sources */ = {isa = PBXBuildFile; fileRef = 58EB34842FB6FC1F004A9A6E /* ConsoleLog.swift */; };
		58EB348F2FB70390004A9A6E /* recent-api-calls in Resources */ = {isa = PBXBuildFile; fileRef = 58EB348D2FB70390004A9A6E /* recent-api-calls */; };
		58EB34902FB70390004A9A6E /* runningLogs in Resources */ = {isa = PBXBuildFile; fileRef = 58EB348E2FB70390004A9A6E /* runningLogs */; };
		58EB34932FB7039D004A9A6E /* Strings.swift in Sources */ = {isa = PBXBuildFile; fileRef = 58EB34912FB7039B004A9A6E /* Strings.swift */; };
		58FBBFC22FB49670002504F1 /* ClaudeUsageToolbarApp.swift in Sources */ = {isa = PBXBuildFile; fileRef = 58FBBFC12FB49670002504F1 /* ClaudeUsageToolbarApp.swift */; };
		58FBBFC42FB49698002504F1 /* AppDelegate.swift in Sources */ = {isa = PBXBuildFile; fileRef = 58FBBFC32FB49698002504F1 /* AppDelegate.swift */; };
		58FBBFC62FB49699002504F1 /* ClaudeUsageOpener.swift in Sources */ = {isa = PBXBuildFile; fileRef = 58FBBFC52FB49699002504F1 /* ClaudeUsageOpener.swift */; };
		58FBBFC82FB4969A002504F1 /* MenuBarController.swift in Sources */ = {isa = PBXBuildFile; fileRef = 58FBBFC72FB4969A002504F1 /* MenuBarController.swift */; };
		58FBBFCA2FB4969B002504F1 /* MenuBarMenuBuilder.swift in Sources */ = {isa = PBXBuildFile; fileRef = 58FBBFC92FB4969B002504F1 /* MenuBarMenuBuilder.swift */; };
		58FBBFCC2FB4969C002504F1 /* MenuBarLabel.swift in Sources */ = {isa = PBXBuildFile; fileRef = 58FBBFCB2FB4969C002504F1 /* MenuBarLabel.swift */; };
		58FBBFCE2FB496D7002504F1 /* UsageState.swift in Sources */ = {isa = PBXBuildFile; fileRef = 58FBBFCD2FB496D7002504F1 /* UsageState.swift */; };
		58FBBFD02FB496D8002504F1 /* UsageMonitor.swift in Sources */ = {isa = PBXBuildFile; fileRef = 58FBBFCF2FB496D8002504F1 /* UsageMonitor.swift */; };
		58FBBFD22FB496D9002504F1 /* UsageResponse.swift in Sources */ = {isa = PBXBuildFile; fileRef = 58FBBFD12FB496D9002504F1 /* UsageResponse.swift */; };
		58FBBFD42FB496DA002504F1 /* UsageFetchResult.swift in Sources */ = {isa = PBXBuildFile; fileRef = 58FBBFD32FB496DA002504F1 /* UsageFetchResult.swift */; };
		58FBBFD62FB496DB002504F1 /* UsageAPIDebugLog.swift in Sources */ = {isa = PBXBuildFile; fileRef = 58FBBFD52FB496DB002504F1 /* UsageAPIDebugLog.swift */; };
		58FBBFD82FB496DC002504F1 /* UsageAPI.swift in Sources */ = {isa = PBXBuildFile; fileRef = 58FBBFD72FB496DC002504F1 /* UsageAPI.swift */; };
		58FBBFDA2FB49709002504F1 /* KeychainTokenStore.swift in Sources */ = {isa = PBXBuildFile; fileRef = 58FBBFD92FB49709002504F1 /* KeychainTokenStore.swift */; };
		58FBBFDC2FB49709002504F1 /* ActivityWatcher.swift in Sources */ = {isa = PBXBuildFile; fileRef = 58FBBFDB2FB49709002504F1 /* ActivityWatcher.swift */; };
		58FBBFDE2FB4970B002504F1 /* ClaudeAppLifecycle.swift in Sources */ = {isa = PBXBuildFile; fileRef = 58FBBFDD2FB4970B002504F1 /* ClaudeAppLifecycle.swift */; };
		58FBBFE02FB4970C002504F1 /* LaunchAgentInstaller.swift in Sources */ = {isa = PBXBuildFile; fileRef = 58FBBFDF2FB4970C002504F1 /* LaunchAgentInstaller.swift */; };
		58FBBFE22FB4970D002504F1 /* WeeklyAlert.swift in Sources */ = {isa = PBXBuildFile; fileRef = 58FBBFE12FB4970D002504F1 /* WeeklyAlert.swift */; };
/* End PBXBuildFile section */

/* Begin PBXFileReference section */
		1A1000000000000000000001 /* ClaudeUsageToolbar.app */ = {isa = PBXFileReference; explicitFileType = wrapper.application; includeInIndex = 0; path = ClaudeUsageToolbar.app; sourceTree = BUILT_PRODUCTS_DIR; };
		1A1000000000000000000201 /* Assets.xcassets */ = {isa = PBXFileReference; lastKnownFileType = folder.assetcatalog; path = Assets.xcassets; sourceTree = "<group>"; };
		1A1000000000000000000202 /* Info.plist */ = {isa = PBXFileReference; lastKnownFileType = text.plist.xml; path = Info.plist; sourceTree = "<group>"; };
		58776BF52FB7341A004E2139 /* ClaudeCookieStore.swift */ = {isa = PBXFileReference; lastKnownFileType = sourcecode.swift; path = ClaudeCookieStore.swift; sourceTree = "<group>"; };
		58EB34842FB6FC1F004A9A6E /* ConsoleLog.swift */ = {isa = PBXFileReference; lastKnownFileType = sourcecode.swift; path = ConsoleLog.swift; sourceTree = "<group>"; };
		58EB348D2FB70390004A9A6E /* recent-api-calls */ = {isa = PBXFileReference; lastKnownFileType = text; path = "recent-api-calls"; sourceTree = "<group>"; };
		58EB348E2FB70390004A9A6E /* runningLogs */ = {isa = PBXFileReference; lastKnownFileType = text; path = runningLogs; sourceTree = "<group>"; };
		58EB34912FB7039B004A9A6E /* Strings.swift */ = {isa = PBXFileReference; lastKnownFileType = sourcecode.swift; path = Strings.swift; sourceTree = "<group>"; };
		58FBBFC12FB49670002504F1 /* ClaudeUsageToolbarApp.swift */ = {isa = PBXFileReference; lastKnownFileType = sourcecode.swift; path = ClaudeUsageToolbarApp.swift; sourceTree = "<group>"; };
		58FBBFC32FB49698002504F1 /* AppDelegate.swift */ = {isa = PBXFileReference; lastKnownFileType = sourcecode.swift; path = AppDelegate.swift; sourceTree = "<group>"; };
		58FBBFC52FB49699002504F1 /* ClaudeUsageOpener.swift */ = {isa = PBXFileReference; lastKnownFileType = sourcecode.swift; path = ClaudeUsageOpener.swift; sourceTree = "<group>"; };
		58FBBFC72FB4969A002504F1 /* MenuBarController.swift */ = {isa = PBXFileReference; lastKnownFileType = sourcecode.swift; path = MenuBarController.swift; sourceTree = "<group>"; };
		58FBBFC92FB4969B002504F1 /* MenuBarMenuBuilder.swift */ = {isa = PBXFileReference; lastKnownFileType = sourcecode.swift; path = MenuBarMenuBuilder.swift; sourceTree = "<group>"; };
		58FBBFCB2FB4969C002504F1 /* MenuBarLabel.swift */ = {isa = PBXFileReference; lastKnownFileType = sourcecode.swift; path = MenuBarLabel.swift; sourceTree = "<group>"; };
		58FBBFCD2FB496D7002504F1 /* UsageState.swift */ = {isa = PBXFileReference; lastKnownFileType = sourcecode.swift; path = UsageState.swift; sourceTree = "<group>"; };
		58FBBFCF2FB496D8002504F1 /* UsageMonitor.swift */ = {isa = PBXFileReference; lastKnownFileType = sourcecode.swift; path = UsageMonitor.swift; sourceTree = "<group>"; };
		58FBBFD12FB496D9002504F1 /* UsageResponse.swift */ = {isa = PBXFileReference; lastKnownFileType = sourcecode.swift; path = UsageResponse.swift; sourceTree = "<group>"; };
		58FBBFD32FB496DA002504F1 /* UsageFetchResult.swift */ = {isa = PBXFileReference; lastKnownFileType = sourcecode.swift; path = UsageFetchResult.swift; sourceTree = "<group>"; };
		58FBBFD52FB496DB002504F1 /* UsageAPIDebugLog.swift */ = {isa = PBXFileReference; lastKnownFileType = sourcecode.swift; path = UsageAPIDebugLog.swift; sourceTree = "<group>"; };
		58FBBFD72FB496DC002504F1 /* UsageAPI.swift */ = {isa = PBXFileReference; lastKnownFileType = sourcecode.swift; path = UsageAPI.swift; sourceTree = "<group>"; };
		58FBBFD92FB49709002504F1 /* KeychainTokenStore.swift */ = {isa = PBXFileReference; lastKnownFileType = sourcecode.swift; path = KeychainTokenStore.swift; sourceTree = "<group>"; };
		58FBBFDB2FB49709002504F1 /* ActivityWatcher.swift */ = {isa = PBXFileReference; lastKnownFileType = sourcecode.swift; path = ActivityWatcher.swift; sourceTree = "<group>"; };
		58FBBFDD2FB4970B002504F1 /* ClaudeAppLifecycle.swift */ = {isa = PBXFileReference; lastKnownFileType = sourcecode.swift; path = ClaudeAppLifecycle.swift; sourceTree = "<group>"; };
		58FBBFDF2FB4970C002504F1 /* LaunchAgentInstaller.swift */ = {isa = PBXFileReference; lastKnownFileType = sourcecode.swift; path = LaunchAgentInstaller.swift; sourceTree = "<group>"; };
		58FBBFE12FB4970D002504F1 /* WeeklyAlert.swift */ = {isa = PBXFileReference; lastKnownFileType = sourcecode.swift; path = WeeklyAlert.swift; sourceTree = "<group>"; };
/* End PBXFileReference section */

/* Begin PBXFrameworksBuildPhase section */
		1A3000000000000000000001 /* Frameworks */ = {
			isa = PBXFrameworksBuildPhase;
			buildActionMask = 2147483647;
			files = (
			);
			runOnlyForDeploymentPostprocessing = 0;
		};
/* End PBXFrameworksBuildPhase section */

/* Begin PBXGroup section */
		1A4000000000000000000001 = {
			isa = PBXGroup;
			children = (
				1A4000000000000000000002 /* ClaudeUsageToolbar */,
				1A4000000000000000000003 /* Products */,
			);
			sourceTree = "<group>";
		};
		1A4000000000000000000002 /* ClaudeUsageToolbar */ = {
			isa = PBXGroup;
			children = (
				58EB34942FB70492004A9A6E /* Logs */,
				58EB34952FB704B4004A9A6E /* Utils */,
				1A1000000000000000000201 /* Assets.xcassets */,
				1A1000000000000000000202 /* Info.plist */,
				58FBBFBB2FB49472002504F1 /* App */,
				58FBBFBC2FB49473002504F1 /* MenuBar */,
				58FBBFBD2FB49473002504F1 /* Usage */,
				58FBBFBE2FB49474002504F1 /* Security */,
				58FBBFBF2FB49474002504F1 /* System */,
				58FBBFC02FB49475002504F1 /* Alerts */,
			);
			path = ClaudeUsageToolbar;
			sourceTree = "<group>";
		};
		1A4000000000000000000003 /* Products */ = {
			isa = PBXGroup;
			children = (
				1A1000000000000000000001 /* ClaudeUsageToolbar.app */,
			);
			name = Products;
			sourceTree = "<group>";
		};
		58EB34942FB70492004A9A6E /* Logs */ = {
			isa = PBXGroup;
			children = (
				58EB348D2FB70390004A9A6E /* recent-api-calls */,
				58EB348E2FB70390004A9A6E /* runningLogs */,
			);
			path = Logs;
			sourceTree = "<group>";
		};
		58EB34952FB704B4004A9A6E /* Utils */ = {
			isa = PBXGroup;
			children = (
				58EB34912FB7039B004A9A6E /* Strings.swift */,
			);
			path = Utils;
			sourceTree = "<group>";
		};
		58FBBFBB2FB49472002504F1 /* App */ = {
			isa = PBXGroup;
			children = (
				58FBBFC12FB49670002504F1 /* ClaudeUsageToolbarApp.swift */,
				58FBBFC32FB49698002504F1 /* AppDelegate.swift */,
				58FBBFC52FB49699002504F1 /* ClaudeUsageOpener.swift */,
			);
			path = App;
			sourceTree = "<group>";
		};
		58FBBFBC2FB49473002504F1 /* MenuBar */ = {
			isa = PBXGroup;
			children = (
				58FBBFC72FB4969A002504F1 /* MenuBarController.swift */,
				58FBBFC92FB4969B002504F1 /* MenuBarMenuBuilder.swift */,
				58FBBFCB2FB4969C002504F1 /* MenuBarLabel.swift */,
			);
			path = MenuBar;
			sourceTree = "<group>";
		};
		58FBBFBD2FB49473002504F1 /* Usage */ = {
			isa = PBXGroup;
			children = (
				58FBBFCD2FB496D7002504F1 /* UsageState.swift */,
				58FBBFCF2FB496D8002504F1 /* UsageMonitor.swift */,
				58FBBFD12FB496D9002504F1 /* UsageResponse.swift */,
				58FBBFD32FB496DA002504F1 /* UsageFetchResult.swift */,
				58FBBFD52FB496DB002504F1 /* UsageAPIDebugLog.swift */,
				58FBBFD72FB496DC002504F1 /* UsageAPI.swift */,
			);
			path = Usage;
			sourceTree = "<group>";
		};
		58FBBFBE2FB49474002504F1 /* Security */ = {
			isa = PBXGroup;
			children = (
				58FBBFD92FB49709002504F1 /* KeychainTokenStore.swift */,
				58EB34842FB6FC1F004A9A6E /* ConsoleLog.swift */,
				58776BF52FB7341A004E2139 /* ClaudeCookieStore.swift */,
			);
			path = Security;
			sourceTree = "<group>";
		};
		58FBBFBF2FB49474002504F1 /* System */ = {
			isa = PBXGroup;
			children = (
				58FBBFDB2FB49709002504F1 /* ActivityWatcher.swift */,
				58FBBFDD2FB4970B002504F1 /* ClaudeAppLifecycle.swift */,
				58FBBFDF2FB4970C002504F1 /* LaunchAgentInstaller.swift */,
			);
			path = System;
			sourceTree = "<group>";
		};
		58FBBFC02FB49475002504F1 /* Alerts */ = {
			isa = PBXGroup;
			children = (
				58FBBFE12FB4970D002504F1 /* WeeklyAlert.swift */,
			);
			path = Alerts;
			sourceTree = "<group>";
		};
/* End PBXGroup section */

/* Begin PBXNativeTarget section */
		1A5000000000000000000001 /* ClaudeUsageToolbar */ = {
			isa = PBXNativeTarget;
			buildConfigurationList = 1A7000000000000000000001 /* Build configuration list for PBXNativeTarget "ClaudeUsageToolbar" */;
			buildPhases = (
				1A6000000000000000000001 /* Sources */,
				1A3000000000000000000001 /* Frameworks */,
				1A6000000000000000000002 /* Resources */,
			);
			buildRules = (
			);
			dependencies = (
			);
			name = ClaudeUsageToolbar;
			productName = ClaudeUsageToolbar;
			productReference = 1A1000000000000000000001 /* ClaudeUsageToolbar.app */;
			productType = "com.apple.product-type.application";
		};
/* End PBXNativeTarget section */

/* Begin PBXProject section */
		1A8000000000000000000001 /* Project object */ = {
			isa = PBXProject;
			attributes = {
				BuildIndependentTargetsInParallel = 1;
				LastSwiftUpdateCheck = 1540;
				LastUpgradeCheck = 1540;
				TargetAttributes = {
					1A5000000000000000000001 = {
						CreatedOnToolsVersion = 15.4;
					};
				};
			};
			buildConfigurationList = 1A7000000000000000000002 /* Build configuration list for PBXProject "ClaudeUsageToolbar" */;
			compatibilityVersion = "Xcode 14.0";
			developmentRegion = en;
			hasScannedForEncodings = 0;
			knownRegions = (
				en,
				Base,
			);
			mainGroup = 1A4000000000000000000001;
			productRefGroup = 1A4000000000000000000003 /* Products */;
			projectDirPath = "";
			projectRoot = "";
			targets = (
				1A5000000000000000000001 /* ClaudeUsageToolbar */,
			);
		};
/* End PBXProject section */

/* Begin PBXResourcesBuildPhase section */
		1A6000000000000000000002 /* Resources */ = {
			isa = PBXResourcesBuildPhase;
			buildActionMask = 2147483647;
			files = (
				1A2000000000000000000201 /* Assets.xcassets in Resources */,
				58EB348F2FB70390004A9A6E /* recent-api-calls in Resources */,
				58EB34902FB70390004A9A6E /* runningLogs in Resources */,
			);
			runOnlyForDeploymentPostprocessing = 0;
		};
/* End PBXResourcesBuildPhase section */

/* Begin PBXSourcesBuildPhase section */
		1A6000000000000000000001 /* Sources */ = {
			isa = PBXSourcesBuildPhase;
			buildActionMask = 2147483647;
			files = (
				58FBBFC82FB4969A002504F1 /* MenuBarController.swift in Sources */,
				58FBBFCE2FB496D7002504F1 /* UsageState.swift in Sources */,
				58EB34852FB6FC1F004A9A6E /* ConsoleLog.swift in Sources */,
				58FBBFCA2FB4969B002504F1 /* MenuBarMenuBuilder.swift in Sources */,
				58FBBFC42FB49698002504F1 /* AppDelegate.swift in Sources */,
				58EB34932FB7039D004A9A6E /* Strings.swift in Sources */,
				58FBBFDC2FB49709002504F1 /* ActivityWatcher.swift in Sources */,
				58FBBFD82FB496DC002504F1 /* UsageAPI.swift in Sources */,
				58FBBFD62FB496DB002504F1 /* UsageAPIDebugLog.swift in Sources */,
				58FBBFDA2FB49709002504F1 /* KeychainTokenStore.swift in Sources */,
				58FBBFE02FB4970C002504F1 /* LaunchAgentInstaller.swift in Sources */,
				58776BF62FB7341A004E2139 /* ClaudeCookieStore.swift in Sources */,
				58FBBFCC2FB4969C002504F1 /* MenuBarLabel.swift in Sources */,
				58FBBFDE2FB4970B002504F1 /* ClaudeAppLifecycle.swift in Sources */,
				58FBBFD02FB496D8002504F1 /* UsageMonitor.swift in Sources */,
				58FBBFC62FB49699002504F1 /* ClaudeUsageOpener.swift in Sources */,
				58FBBFD42FB496DA002504F1 /* UsageFetchResult.swift in Sources */,
				58FBBFD22FB496D9002504F1 /* UsageResponse.swift in Sources */,
				58FBBFC22FB49670002504F1 /* ClaudeUsageToolbarApp.swift in Sources */,
				58FBBFE22FB4970D002504F1 /* WeeklyAlert.swift in Sources */,
			);
			runOnlyForDeploymentPostprocessing = 0;
		};
/* End PBXSourcesBuildPhase section */

/* Begin XCBuildConfiguration section */
		1A9000000000000000000001 /* Debug */ = {
			isa = XCBuildConfiguration;
			buildSettings = {
				ALWAYS_SEARCH_USER_PATHS = NO;
				CLANG_ANALYZER_NONNULL = YES;
				CLANG_ENABLE_MODULES = YES;
				CLANG_ENABLE_OBJC_ARC = YES;
				CLANG_ENABLE_OBJC_WEAK = YES;
				COPY_PHASE_STRIP = NO;
				DEAD_CODE_STRIPPING = YES;
				DEBUG_INFORMATION_FORMAT = dwarf;
				ENABLE_STRICT_OBJC_MSGSEND = YES;
				ENABLE_TESTABILITY = YES;
				GCC_C_LANGUAGE_STANDARD = gnu17;
				GCC_DYNAMIC_NO_PIC = NO;
				GCC_NO_COMMON_BLOCKS = YES;
				GCC_OPTIMIZATION_LEVEL = 0;
				GCC_PREPROCESSOR_DEFINITIONS = (
					"DEBUG=1",
					"$(inherited)",
				);
				MACOSX_DEPLOYMENT_TARGET = 14.0;
				MTL_ENABLE_DEBUG_INFO = INCLUDE_SOURCE;
				MTL_FAST_MATH = YES;
				ONLY_ACTIVE_ARCH = YES;
				SDKROOT = macosx;
				SWIFT_ACTIVE_COMPILATION_CONDITIONS = "DEBUG $(inherited)";
				SWIFT_OPTIMIZATION_LEVEL = "-Onone";
			};
			name = Debug;
		};
		1A9000000000000000000002 /* Release */ = {
			isa = XCBuildConfiguration;
			buildSettings = {
				ALWAYS_SEARCH_USER_PATHS = NO;
				CLANG_ANALYZER_NONNULL = YES;
				CLANG_ENABLE_MODULES = YES;
				CLANG_ENABLE_OBJC_ARC = YES;
				CLANG_ENABLE_OBJC_WEAK = YES;
				COPY_PHASE_STRIP = NO;
				DEAD_CODE_STRIPPING = YES;
				DEBUG_INFORMATION_FORMAT = "dwarf-with-dsym";
				ENABLE_NS_ASSERTIONS = NO;
				ENABLE_STRICT_OBJC_MSGSEND = YES;
				GCC_C_LANGUAGE_STANDARD = gnu17;
				GCC_NO_COMMON_BLOCKS = YES;
				MACOSX_DEPLOYMENT_TARGET = 14.0;
				MTL_ENABLE_DEBUG_INFO = NO;
				MTL_FAST_MATH = YES;
				SDKROOT = macosx;
				SWIFT_COMPILATION_MODE = wholemodule;
			};
			name = Release;
		};
		1A9000000000000000000003 /* Debug */ = {
			isa = XCBuildConfiguration;
			buildSettings = {
				ASSETCATALOG_COMPILER_APPICON_NAME = AppIcon;
				ASSETCATALOG_COMPILER_GLOBAL_ACCENT_COLOR_NAME = AccentColor;
				CODE_SIGN_IDENTITY = "-";
				CODE_SIGN_STYLE = Manual;
				COMBINE_HIDPI_IMAGES = YES;
				CURRENT_PROJECT_VERSION = 1;
				DEVELOPMENT_TEAM = "";
				ENABLE_HARDENED_RUNTIME = YES;
				ENABLE_PREVIEWS = YES;
				GENERATE_INFOPLIST_FILE = NO;
				INFOPLIST_FILE = ClaudeUsageToolbar/Info.plist;
				LD_RUNPATH_SEARCH_PATHS = (
					"$(inherited)",
					"@executable_path/../Frameworks",
				);
				MARKETING_VERSION = 1.0;
				PRODUCT_BUNDLE_IDENTIFIER = "com.simonbarer.claude-usage-toolbar";
				PRODUCT_NAME = "$(TARGET_NAME)";
				SWIFT_EMIT_LOC_STRINGS = YES;
				SWIFT_VERSION = 5.0;
			};
			name = Debug;
		};
		1A9000000000000000000004 /* Release */ = {
			isa = XCBuildConfiguration;
			buildSettings = {
				ASSETCATALOG_COMPILER_APPICON_NAME = AppIcon;
				ASSETCATALOG_COMPILER_GLOBAL_ACCENT_COLOR_NAME = AccentColor;
				CODE_SIGN_IDENTITY = "-";
				CODE_SIGN_STYLE = Manual;
				COMBINE_HIDPI_IMAGES = YES;
				CURRENT_PROJECT_VERSION = 1;
				DEVELOPMENT_TEAM = "";
				ENABLE_HARDENED_RUNTIME = YES;
				ENABLE_PREVIEWS = YES;
				GENERATE_INFOPLIST_FILE = NO;
				INFOPLIST_FILE = ClaudeUsageToolbar/Info.plist;
				LD_RUNPATH_SEARCH_PATHS = (
					"$(inherited)",
					"@executable_path/../Frameworks",
				);
				MARKETING_VERSION = 1.0;
				PRODUCT_BUNDLE_IDENTIFIER = "com.simonbarer.claude-usage-toolbar";
				PRODUCT_NAME = "$(TARGET_NAME)";
				SWIFT_EMIT_LOC_STRINGS = YES;
				SWIFT_VERSION = 5.0;
			};
			name = Release;
		};
/* End XCBuildConfiguration section */

/* Begin XCConfigurationList section */
		1A7000000000000000000001 /* Build configuration list for PBXNativeTarget "ClaudeUsageToolbar" */ = {
			isa = XCConfigurationList;
			buildConfigurations = (
				1A9000000000000000000003 /* Debug */,
				1A9000000000000000000004 /* Release */,
			);
			defaultConfigurationIsVisible = 0;
			defaultConfigurationName = Release;
		};
		1A7000000000000000000002 /* Build configuration list for PBXProject "ClaudeUsageToolbar" */ = {
			isa = XCConfigurationList;
			buildConfigurations = (
				1A9000000000000000000001 /* Debug */,
				1A9000000000000000000002 /* Release */,
			);
			defaultConfigurationIsVisible = 0;
			defaultConfigurationName = Release;
		};
/* End XCConfigurationList section */
	};
	rootObject = 1A8000000000000000000001 /* Project object */;
}
