// !$*UTF8*$!
{
	archiveVersion = 1;
	classes = {
	};
	objectVersion = 56;
	objects = {

/* Begin PBXBuildFile section */
		1A2000000000000000000101 /* ClaudeUsageToolbarApp.swift in Sources */ = {isa = PBXBuildFile; fileRef = 1A1000000000000000000101 /* ClaudeUsageToolbarApp.swift */; };
		1A2000000000000000000102 /* UsageMonitor.swift in Sources */ = {isa = PBXBuildFile; fileRef = 1A1000000000000000000102 /* UsageMonitor.swift */; };
		1A2000000000000000000103 /* UsageAPI.swift in Sources */ = {isa = PBXBuildFile; fileRef = 1A1000000000000000000103 /* UsageAPI.swift */; };
		1A2000000000000000000104 /* KeychainTokenStore.swift in Sources */ = {isa = PBXBuildFile; fileRef = 1A1000000000000000000104 /* KeychainTokenStore.swift */; };
		1A2000000000000000000105 /* ActivityWatcher.swift in Sources */ = {isa = PBXBuildFile; fileRef = 1A1000000000000000000105 /* ActivityWatcher.swift */; };
		1A2000000000000000000106 /* ClaudeAppLifecycle.swift in Sources */ = {isa = PBXBuildFile; fileRef = 1A1000000000000000000106 /* ClaudeAppLifecycle.swift */; };
		1A2000000000000000000107 /* MenuBarLabel.swift in Sources */ = {isa = PBXBuildFile; fileRef = 1A1000000000000000000107 /* MenuBarLabel.swift */; };
		1A2000000000000000000108 /* WeeklyAlert.swift in Sources */ = {isa = PBXBuildFile; fileRef = 1A1000000000000000000108 /* WeeklyAlert.swift */; };
		1A2000000000000000000109 /* LaunchAgentInstaller.swift in Sources */ = {isa = PBXBuildFile; fileRef = 1A1000000000000000000109 /* LaunchAgentInstaller.swift */; };
		1A2000000000000000000201 /* Assets.xcassets in Resources */ = {isa = PBXBuildFile; fileRef = 1A1000000000000000000201 /* Assets.xcassets */; };
/* End PBXBuildFile section */

/* Begin PBXFileReference section */
		1A1000000000000000000001 /* ClaudeUsageToolbar.app */ = {isa = PBXFileReference; explicitFileType = wrapper.application; includeInIndex = 0; path = ClaudeUsageToolbar.app; sourceTree = BUILT_PRODUCTS_DIR; };
		1A1000000000000000000101 /* ClaudeUsageToolbarApp.swift */ = {isa = PBXFileReference; lastKnownFileType = sourcecode.swift; path = ClaudeUsageToolbarApp.swift; sourceTree = "<group>"; };
		1A1000000000000000000102 /* UsageMonitor.swift */ = {isa = PBXFileReference; lastKnownFileType = sourcecode.swift; path = UsageMonitor.swift; sourceTree = "<group>"; };
		1A1000000000000000000103 /* UsageAPI.swift */ = {isa = PBXFileReference; lastKnownFileType = sourcecode.swift; path = UsageAPI.swift; sourceTree = "<group>"; };
		1A1000000000000000000104 /* KeychainTokenStore.swift */ = {isa = PBXFileReference; lastKnownFileType = sourcecode.swift; path = KeychainTokenStore.swift; sourceTree = "<group>"; };
		1A1000000000000000000105 /* ActivityWatcher.swift */ = {isa = PBXFileReference; lastKnownFileType = sourcecode.swift; path = ActivityWatcher.swift; sourceTree = "<group>"; };
		1A1000000000000000000106 /* ClaudeAppLifecycle.swift */ = {isa = PBXFileReference; lastKnownFileType = sourcecode.swift; path = ClaudeAppLifecycle.swift; sourceTree = "<group>"; };
		1A1000000000000000000107 /* MenuBarLabel.swift */ = {isa = PBXFileReference; lastKnownFileType = sourcecode.swift; path = MenuBarLabel.swift; sourceTree = "<group>"; };
		1A1000000000000000000108 /* WeeklyAlert.swift */ = {isa = PBXFileReference; lastKnownFileType = sourcecode.swift; path = WeeklyAlert.swift; sourceTree = "<group>"; };
		1A1000000000000000000109 /* LaunchAgentInstaller.swift */ = {isa = PBXFileReference; lastKnownFileType = sourcecode.swift; path = LaunchAgentInstaller.swift; sourceTree = "<group>"; };
		1A1000000000000000000201 /* Assets.xcassets */ = {isa = PBXFileReference; lastKnownFileType = folder.assetcatalog; path = Assets.xcassets; sourceTree = "<group>"; };
		1A1000000000000000000202 /* Info.plist */ = {isa = PBXFileReference; lastKnownFileType = text.plist.xml; path = Info.plist; sourceTree = "<group>"; };
/* End PBXFileReference section */

/* Begin PBXFrameworksBuildPhase section */
		1A3000000000000000000001 /* Frameworks */ = {
			isa = PBXFrameworksBuildPhase;
			buildActionMask = 2147483647;
			files = (
			);
			runOnlyForDeploymentPostprocessing = 0;
		};
/* End PBXFrameworksBuildPhase section */

/* Begin PBXGroup section */
		1A4000000000000000000001 = {
			isa = PBXGroup;
			children = (
				1A4000000000000000000002 /* ClaudeUsageToolbar */,
				1A4000000000000000000003 /* Products */,
			);
			sourceTree = "<group>";
		};
		1A4000000000000000000002 /* ClaudeUsageToolbar */ = {
			isa = PBXGroup;
			children = (
				1A1000000000000000000101 /* ClaudeUsageToolbarApp.swift */,
				1A1000000000000000000102 /* UsageMonitor.swift */,
				1A1000000000000000000103 /* UsageAPI.swift */,
				1A1000000000000000000104 /* KeychainTokenStore.swift */,
				1A1000000000000000000105 /* ActivityWatcher.swift */,
				1A1000000000000000000106 /* ClaudeAppLifecycle.swift */,
				1A1000000000000000000107 /* MenuBarLabel.swift */,
				1A1000000000000000000108 /* WeeklyAlert.swift */,
				1A1000000000000000000109 /* LaunchAgentInstaller.swift */,
				1A1000000000000000000201 /* Assets.xcassets */,
				1A1000000000000000000202 /* Info.plist */,
			);
			path = ClaudeUsageToolbar;
			sourceTree = "<group>";
		};
		1A4000000000000000000003 /* Products */ = {
			isa = PBXGroup;
			children = (
				1A1000000000000000000001 /* ClaudeUsageToolbar.app */,
			);
			name = Products;
			sourceTree = "<group>";
		};
/* End PBXGroup section */

/* Begin PBXNativeTarget section */
		1A5000000000000000000001 /* ClaudeUsageToolbar */ = {
			isa = PBXNativeTarget;
			buildConfigurationList = 1A7000000000000000000001 /* Build configuration list for PBXNativeTarget "ClaudeUsageToolbar" */;
			buildPhases = (
				1A6000000000000000000001 /* Sources */,
				1A3000000000000000000001 /* Frameworks */,
				1A6000000000000000000002 /* Resources */,
			);
			buildRules = (
			);
			dependencies = (
			);
			name = ClaudeUsageToolbar;
			productName = ClaudeUsageToolbar;
			productReference = 1A1000000000000000000001 /* ClaudeUsageToolbar.app */;
			productType = "com.apple.product-type.application";
		};
/* End PBXNativeTarget section */

/* Begin PBXProject section */
		1A8000000000000000000001 /* Project object */ = {
			isa = PBXProject;
			attributes = {
				BuildIndependentTargetsInParallel = 1;
				LastSwiftUpdateCheck = 1540;
				LastUpgradeCheck = 1540;
				TargetAttributes = {
					1A5000000000000000000001 = {
						CreatedOnToolsVersion = 15.4;
					};
				};
			};
			buildConfigurationList = 1A7000000000000000000002 /* Build configuration list for PBXProject "ClaudeUsageToolbar" */;
			compatibilityVersion = "Xcode 14.0";
			developmentRegion = en;
			hasScannedForEncodings = 0;
			knownRegions = (
				en,
				Base,
			);
			mainGroup = 1A4000000000000000000001;
			productRefGroup = 1A4000000000000000000003 /* Products */;
			projectDirPath = "";
			projectRoot = "";
			targets = (
				1A5000000000000000000001 /* ClaudeUsageToolbar */,
			);
		};
/* End PBXProject section */

/* Begin PBXResourcesBuildPhase section */
		1A6000000000000000000002 /* Resources */ = {
			isa = PBXResourcesBuildPhase;
			buildActionMask = 2147483647;
			files = (
				1A2000000000000000000201 /* Assets.xcassets in Resources */,
			);
			runOnlyForDeploymentPostprocessing = 0;
		};
/* End PBXResourcesBuildPhase section */

/* Begin PBXSourcesBuildPhase section */
		1A6000000000000000000001 /* Sources */ = {
			isa = PBXSourcesBuildPhase;
			buildActionMask = 2147483647;
			files = (
				1A2000000000000000000101 /* ClaudeUsageToolbarApp.swift in Sources */,
				1A2000000000000000000102 /* UsageMonitor.swift in Sources */,
				1A2000000000000000000103 /* UsageAPI.swift in Sources */,
				1A2000000000000000000104 /* KeychainTokenStore.swift in Sources */,
				1A2000000000000000000105 /* ActivityWatcher.swift in Sources */,
				1A2000000000000000000106 /* ClaudeAppLifecycle.swift in Sources */,
				1A2000000000000000000107 /* MenuBarLabel.swift in Sources */,
				1A2000000000000000000108 /* WeeklyAlert.swift in Sources */,
				1A2000000000000000000109 /* LaunchAgentInstaller.swift in Sources */,
			);
			runOnlyForDeploymentPostprocessing = 0;
		};
/* End PBXSourcesBuildPhase section */

/* Begin XCBuildConfiguration section */
		1A9000000000000000000001 /* Debug */ = {
			isa = XCBuildConfiguration;
			buildSettings = {
				ALWAYS_SEARCH_USER_PATHS = NO;
				CLANG_ANALYZER_NONNULL = YES;
				CLANG_ENABLE_MODULES = YES;
				CLANG_ENABLE_OBJC_ARC = YES;
				CLANG_ENABLE_OBJC_WEAK = YES;
				COPY_PHASE_STRIP = NO;
				DEAD_CODE_STRIPPING = YES;
				DEBUG_INFORMATION_FORMAT = dwarf;
				ENABLE_STRICT_OBJC_MSGSEND = YES;
				ENABLE_TESTABILITY = YES;
				GCC_C_LANGUAGE_STANDARD = gnu17;
				GCC_DYNAMIC_NO_PIC = NO;
				GCC_NO_COMMON_BLOCKS = YES;
				GCC_OPTIMIZATION_LEVEL = 0;
				GCC_PREPROCESSOR_DEFINITIONS = (
					"DEBUG=1",
					"$(inherited)",
				);
				MACOSX_DEPLOYMENT_TARGET = 14.0;
				MTL_ENABLE_DEBUG_INFO = INCLUDE_SOURCE;
				MTL_FAST_MATH = YES;
				ONLY_ACTIVE_ARCH = YES;
				SDKROOT = macosx;
				SWIFT_ACTIVE_COMPILATION_CONDITIONS = "DEBUG $(inherited)";
				SWIFT_OPTIMIZATION_LEVEL = "-Onone";
			};
			name = Debug;
		};
		1A9000000000000000000002 /* Release */ = {
			isa = XCBuildConfiguration;
			buildSettings = {
				ALWAYS_SEARCH_USER_PATHS = NO;
				CLANG_ANALYZER_NONNULL = YES;
				CLANG_ENABLE_MODULES = YES;
				CLANG_ENABLE_OBJC_ARC = YES;
				CLANG_ENABLE_OBJC_WEAK = YES;
				COPY_PHASE_STRIP = NO;
				DEAD_CODE_STRIPPING = YES;
				DEBUG_INFORMATION_FORMAT = "dwarf-with-dsym";
				ENABLE_NS_ASSERTIONS = NO;
				ENABLE_STRICT_OBJC_MSGSEND = YES;
				GCC_C_LANGUAGE_STANDARD = gnu17;
				GCC_NO_COMMON_BLOCKS = YES;
				MACOSX_DEPLOYMENT_TARGET = 14.0;
				MTL_ENABLE_DEBUG_INFO = NO;
				MTL_FAST_MATH = YES;
				SDKROOT = macosx;
				SWIFT_COMPILATION_MODE = wholemodule;
			};
			name = Release;
		};
		1A9000000000000000000003 /* Debug */ = {
			isa = XCBuildConfiguration;
			buildSettings = {
				ASSETCATALOG_COMPILER_APPICON_NAME = AppIcon;
				ASSETCATALOG_COMPILER_GLOBAL_ACCENT_COLOR_NAME = AccentColor;
				CODE_SIGN_IDENTITY = "-";
				CODE_SIGN_STYLE = Manual;
				COMBINE_HIDPI_IMAGES = YES;
				CURRENT_PROJECT_VERSION = 1;
				DEVELOPMENT_TEAM = "";
				ENABLE_HARDENED_RUNTIME = YES;
				ENABLE_PREVIEWS = YES;
				GENERATE_INFOPLIST_FILE = NO;
				INFOPLIST_FILE = ClaudeUsageToolbar/Info.plist;
				LD_RUNPATH_SEARCH_PATHS = (
					"$(inherited)",
					"@executable_path/../Frameworks",
				);
				MARKETING_VERSION = 1.0;
				PRODUCT_BUNDLE_IDENTIFIER = "com.simonbarer.claude-usage-toolbar";
				PRODUCT_NAME = "$(TARGET_NAME)";
				SWIFT_EMIT_LOC_STRINGS = YES;
				SWIFT_VERSION = 5.0;
			};
			name = Debug;
		};
		1A9000000000000000000004 /* Release */ = {
			isa = XCBuildConfiguration;
			buildSettings = {
				ASSETCATALOG_COMPILER_APPICON_NAME = AppIcon;
				ASSETCATALOG_COMPILER_GLOBAL_ACCENT_COLOR_NAME = AccentColor;
				CODE_SIGN_IDENTITY = "-";
				CODE_SIGN_STYLE = Manual;
				COMBINE_HIDPI_IMAGES = YES;
				CURRENT_PROJECT_VERSION = 1;
				DEVELOPMENT_TEAM = "";
				ENABLE_HARDENED_RUNTIME = YES;
				ENABLE_PREVIEWS = YES;
				GENERATE_INFOPLIST_FILE = NO;
				INFOPLIST_FILE = ClaudeUsageToolbar/Info.plist;
				LD_RUNPATH_SEARCH_PATHS = (
					"$(inherited)",
					"@executable_path/../Frameworks",
				);
				MARKETING_VERSION = 1.0;
				PRODUCT_BUNDLE_IDENTIFIER = "com.simonbarer.claude-usage-toolbar";
				PRODUCT_NAME = "$(TARGET_NAME)";
				SWIFT_EMIT_LOC_STRINGS = YES;
				SWIFT_VERSION = 5.0;
			};
			name = Release;
		};
/* End XCBuildConfiguration section */

/* Begin XCConfigurationList section */
		1A7000000000000000000001 /* Build configuration list for PBXNativeTarget "ClaudeUsageToolbar" */ = {
			isa = XCConfigurationList;
			buildConfigurations = (
				1A9000000000000000000003 /* Debug */,
				1A9000000000000000000004 /* Release */,
			);
			defaultConfigurationIsVisible = 0;
			defaultConfigurationName = Release;
		};
		1A7000000000000000000002 /* Build configuration list for PBXProject "ClaudeUsageToolbar" */ = {
			isa = XCConfigurationList;
			buildConfigurations = (
				1A9000000000000000000001 /* Debug */,
				1A9000000000000000000002 /* Release */,
			);
			defaultConfigurationIsVisible = 0;
			defaultConfigurationName = Release;
		};
/* End XCConfigurationList section */
	};
	rootObject = 1A8000000000000000000001 /* Project object */;
}
